// !$*UTF8*$!
{
	archiveVersion = 1;
	classes = {
	};
	objectVersion = 46;
	objects = {

/* Begin PBXBuildFile section */
		CFF532371C7B398B005FA36A /* main.m in Sources */ = {isa = PBXBuildFile; fileRef = CFF532361C7B398B005FA36A /* main.m */; };
		CFF5323A1C7B398B005FA36A /* AppDelegate.m in Sources */ = {isa = PBXBuildFile; fileRef = CFF532391C7B398B005FA36A /* AppDelegate.m */; };
		CFF5323D1C7B398B005FA36A /* ViewController.m in Sources */ = {isa = PBXBuildFile; fileRef = CFF5323C1C7B398B005FA36A /* ViewController.m */; };
		CFF532401C7B398B005FA36A /* Main.storyboard in Resources */ = {isa = PBXBuildFile; fileRef = CFF5323E1C7B398B005FA36A /* Main.storyboard */; };
		CFF532421C7B398B005FA36A /* Assets.xcassets in Resources */ = {isa = PBXBuildFile; fileRef = CFF532411C7B398B005FA36A /* Assets.xcassets */; };
		CFF532451C7B398B005FA36A /* LaunchScreen.storyboard in Resources */ = {isa = PBXBuildFile; fileRef = CFF532431C7B398B005FA36A /* LaunchScreen.storyboard */; };
		CFF532501C7B398B005FA36A /* iOSWebUITests.m in Sources */ = {isa = PBXBuildFile; fileRef = CFF5324F1C7B398B005FA36A /* iOSWebUITests.m */; };
/* End PBXBuildFile section */

/* Begin PBXContainerItemProxy section */
		CFF5324C1C7B398B005FA36A /* PBXContainerItemProxy */ = {
			isa = PBXContainerItemProxy;
			containerPortal = CFF5322A1C7B398B005FA36A /* Project object */;
			proxyType = 1;
			remoteGlobalIDString = CFF532311C7B398B005FA36A;
			remoteInfo = iOSWeb;
		};
/* End PBXContainerItemProxy section */

/* Begin PBXFileReference section */
		CFF532321C7B398B005FA36A /* iOSWeb.app */ = {isa = PBXFileReference; explicitFileType = wrapper.application; includeInIndex = 0; path = iOSWeb.app; sourceTree = BUILT_PRODUCTS_DIR; };
		CFF532361C7B398B005FA36A /* main.m */ = {isa = PBXFileReference; lastKnownFileType = sourcecode.c.objc; path = main.m; sourceTree = "<group>"; };
		CFF532381C7B398B005FA36A /* AppDelegate.h */ = {isa = PBXFileReference; lastKnownFileType = sourcecode.c.h; path = AppDelegate.h; sourceTree = "<group>"; };
		CFF532391C7B398B005FA36A /* AppDelegate.m */ = {isa = PBXFileReference; lastKnownFileType = sourcecode.c.objc; path = AppDelegate.m; sourceTree = "<group>"; };
		CFF5323B1C7B398B005FA36A /* ViewController.h */ = {isa = PBXFileReference; lastKnownFileType = sourcecode.c.h; path = ViewController.h; sourceTree = "<group>"; };
		CFF5323C1C7B398B005FA36A /* ViewController.m */ = {isa = PBXFileReference; lastKnownFileType = sourcecode.c.objc; path = ViewController.m; sourceTree = "<group>"; };
		CFF5323F1C7B398B005FA36A /* Base */ = {isa = PBXFileReference; lastKnownFileType = file.storyboard; name = Base; path = Base.lproj/Main.storyboard; sourceTree = "<group>"; };
		CFF532411C7B398B005FA36A /* Assets.xcassets */ = {isa = PBXFileReference; lastKnownFileType = folder.assetcatalog; path = Assets.xcassets; sourceTree = "<group>"; };
		CFF532441C7B398B005FA36A /* Base */ = {isa = PBXFileReference; lastKnownFileType = file.storyboard; name = Base; path = Base.lproj/LaunchScreen.storyboard; sourceTree = "<group>"; };
		CFF532461C7B398B005FA36A /* Info.plist */ = {isa = PBXFileReference; lastKnownFileType = text.plist.xml; path = Info.plist; sourceTree = "<group>"; };
		CFF5324B1C7B398B005FA36A /* iOSWebUITests.xctest */ = {isa = PBXFileReference; explicitFileType = wrapper.cfbundle; includeInIndex = 0; path = iOSWebUITests.xctest; sourceTree = BUILT_PRODUCTS_DIR; };
		CFF5324F1C7B398B005FA36A /* iOSWebUITests.m */ = {isa = PBXFileReference; lastKnownFileType = sourcecode.c.objc; path = iOSWebUITests.m; sourceTree = "<group>"; };
		CFF532511C7B398B005FA36A /* Info.plist */ = {isa = PBXFileReference; lastKnownFileType = text.plist.xml; path = Info.plist; sourceTree = "<group>"; };
/* End PBXFileReference section */

/* Begin PBXFrameworksBuildPhase section */
		CFF5322F1C7B398B005FA36A /* Frameworks */ = {
			isa = PBXFrameworksBuildPhase;
			buildActionMask = 2147483647;
			files = (
			);
			runOnlyForDeploymentPostprocessing = 0;
		};
		CFF532481C7B398B005FA36A /* Frameworks */ = {
			isa = PBXFrameworksBuildPhase;
			buildActionMask = 2147483647;
			files = (
			);
			runOnlyForDeploymentPostprocessing = 0;
		};
/* End PBXFrameworksBuildPhase section */

/* Begin PBXGroup section */
		CFF532291C7B398B005FA36A = {
			isa = PBXGroup;
			children = (
				CFF532341C7B398B005FA36A /* iOSWeb */,
				CFF5324E1C7B398B005FA36A /* iOSWebUITests */,
				CFF532331C7B398B005FA36A /* Products */,
			);
			sourceTree = "<group>";
		};
		CFF532331C7B398B005FA36A /* Products */ = {
			isa = PBXGroup;
			children = (
				CFF532321C7B398B005FA36A /* iOSWeb.app */,
				CFF5324B1C7B398B005FA36A /* iOSWebUITests.xctest */,
			);
			name = Products;
			sourceTree = "<group>";
		};
		CFF532341C7B398B005FA36A /* iOSWeb */ = {
			isa = PBXGroup;
			children = (
				CFF532381C7B398B005FA36A /* AppDelegate.h */,
				CFF532391C7B398B005FA36A /* AppDelegate.m */,
				CFF5323B1C7B398B005FA36A /* ViewController.h */,
				CFF5323C1C7B398B005FA36A /* ViewController.m */,
				CFF5323E1C7B398B005FA36A /* Main.storyboard */,
				CFF532411C7B398B005FA36A /* Assets.xcassets */,
				CFF532431C7B398B005FA36A /* LaunchScreen.storyboard */,
				CFF532461C7B398B005FA36A /* Info.plist */,
				CFF532351C7B398B005FA36A /* Supporting Files */,
			);
			path = iOSWeb;
			sourceTree = "<group>";
		};
		CFF532351C7B398B005FA36A /* Supporting Files */ = {
			isa = PBXGroup;
			children = (
				CFF532361C7B398B005FA36A /* main.m */,
			);
			name = "Supporting Files";
			sourceTree = "<group>";
		};
		CFF5324E1C7B398B005FA36A /* iOSWebUITests */ = {
			isa = PBXGroup;
			children = (
				CFF5324F1C7B398B005FA36A /* iOSWebUITests.m */,
				CFF532511C7B398B005FA36A /* Info.plist */,
			);
			path = iOSWebUITests;
			sourceTree = "<group>";
		};
/* End PBXGroup section */

/* Begin PBXNativeTarget section */
		CFF532311C7B398B005FA36A /* iOSWeb */ = {
			isa = PBXNativeTarget;
			buildConfigurationList = CFF532541C7B398B005FA36A /* Build configuration list for PBXNativeTarget "iOSWeb" */;
			buildPhases = (
				CFF5322E1C7B398B005FA36A /* Sources */,
				CFF5322F1C7B398B005FA36A /* Frameworks */,
				CFF532301C7B398B005FA36A /* Resources */,
			);
			buildRules = (
			);
			dependencies = (
			);
			name = iOSWeb;
			productName = iOSWeb;
			productReference = CFF532321C7B398B005FA36A /* iOSWeb.app */;
			productType = "com.apple.product-type.application";
		};
		CFF5324A1C7B398B005FA36A /* iOSWebUITests */ = {
			isa = PBXNativeTarget;
			buildConfigurationList = CFF532571C7B398B005FA36A /* Build configuration list for PBXNativeTarget "iOSWebUITests" */;
			buildPhases = (
				CFF532471C7B398B005FA36A /* Sources */,
				CFF532481C7B398B005FA36A /* Frameworks */,
				CFF532491C7B398B005FA36A /* Resources */,
			);
			buildRules = (
			);
			dependencies = (
				CFF5324D1C7B398B005FA36A /* PBXTargetDependency */,
			);
			name = iOSWebUITests;
			productName = iOSWebUITests;
			productReference = CFF5324B1C7B398B005FA36A /* iOSWebUITests.xctest */;
			productType = "com.apple.product-type.bundle.ui-testing";
		};
/* End PBXNativeTarget section */

/* Begin PBXProject section */
		CFF5322A1C7B398B005FA36A /* Project object */ = {
			isa = PBXProject;
			attributes = {
				LastUpgradeCheck = 0710;
				ORGANIZATIONNAME = fish;
				TargetAttributes = {
					CFF532311C7B398B005FA36A = {
						CreatedOnToolsVersion = 7.1.1;
					};
					CFF5324A1C7B398B005FA36A = {
						CreatedOnToolsVersion = 7.1.1;
						TestTargetID = CFF532311C7B398B005FA36A;
					};
				};
			};
			buildConfigurationList = CFF5322D1C7B398B005FA36A /* Build configuration list for PBXProject "iOSWeb" */;
			compatibilityVersion = "Xcode 3.2";
			developmentRegion = English;
			hasScannedForEncodings = 0;
			knownRegions = (
				en,
				Base,
			);
			mainGroup = CFF532291C7B398B005FA36A;
			productRefGroup = CFF532331C7B398B005FA36A /* Products */;
			projectDirPath = "";
			projectRoot = "";
			targets = (
				CFF532311C7B398B005FA36A /* iOSWeb */,
				CFF5324A1C7B398B005FA36A /* iOSWebUITests */,
			);
		};
/* End PBXProject section */

/* Begin PBXResourcesBuildPhase section */
		CFF532301C7B398B005FA36A /* Resources */ = {
			isa = PBXResourcesBuildPhase;
			buildActionMask = 2147483647;
			files = (
				CFF532451C7B398B005FA36A /* LaunchScreen.storyboard in Resources */,
				CFF532421C7B398B005FA36A /* Assets.xcassets in Resources */,
				CFF532401C7B398B005FA36A /* Main.storyboard in Resources */,
			);
			runOnlyForDeploymentPostprocessing = 0;
		};
		CFF532491C7B398B005FA36A /* Resources */ = {
			isa = PBXResourcesBuildPhase;
			buildActionMask = 2147483647;
			files = (
			);
			runOnlyForDeploymentPostprocessing = 0;
		};
/* End PBXResourcesBuildPhase section */

/* Begin PBXSourcesBuildPhase section */
		CFF5322E1C7B398B005FA36A /* Sources */ = {
			isa = PBXSourcesBuildPhase;
			buildActionMask = 2147483647;
			files = (
				CFF5323D1C7B398B005FA36A /* ViewController.m in Sources */,
				CFF5323A1C7B398B005FA36A /* AppDelegate.m in Sources */,
				CFF532371C7B398B005FA36A /* main.m in Sources */,
			);
			runOnlyForDeploymentPostprocessing = 0;
		};
		CFF532471C7B398B005FA36A /* Sources */ = {
			isa = PBXSourcesBuildPhase;
			buildActionMask = 2147483647;
			files = (
				CFF532501C7B398B005FA36A /* iOSWebUITests.m in Sources */,
			);
			runOnlyForDeploymentPostprocessing = 0;
		};
/* End PBXSourcesBuildPhase section */

/* Begin PBXTargetDependency section */
		CFF5324D1C7B398B005FA36A /* PBXTargetDependency */ = {
			isa = PBXTargetDependency;
			target = CFF532311C7B398B005FA36A /* iOSWeb */;
			targetProxy = CFF5324C1C7B398B005FA36A /* PBXContainerItemProxy */;
		};
/* End PBXTargetDependency section */

/* Begin PBXVariantGroup section */
		CFF5323E1C7B398B005FA36A /* Main.storyboard */ = {
			isa = PBXVariantGroup;
			children = (
				CFF5323F1C7B398B005FA36A /* Base */,
			);
			name = Main.storyboard;
			sourceTree = "<group>";
		};
		CFF532431C7B398B005FA36A /* LaunchScreen.storyboard */ = {
			isa = PBXVariantGroup;
			children = (
				CFF532441C7B398B005FA36A /* Base */,
			);
			name = LaunchScreen.storyboard;
			sourceTree = "<group>";
		};
/* End PBXVariantGroup section */

/* Begin XCBuildConfiguration section */
		CFF532521C7B398B005FA36A /* Debug */ = {
			isa = XCBuildConfiguration;
			buildSettings = {
				ALWAYS_SEARCH_USER_PATHS = NO;
				CLANG_CXX_LANGUAGE_STANDARD = "gnu++0x";
				CLANG_CXX_LIBRARY = "libc++";
				CLANG_ENABLE_MODULES = YES;
				CLANG_ENABLE_OBJC_ARC = YES;
				CLANG_WARN_BOOL_CONVERSION = YES;
				CLANG_WARN_CONSTANT_CONVERSION = YES;
				CLANG_WARN_DIRECT_OBJC_ISA_USAGE = YES_ERROR;
				CLANG_WARN_EMPTY_BODY = YES;
				CLANG_WARN_ENUM_CONVERSION = YES;
				CLANG_WARN_INT_CONVERSION = YES;
				CLANG_WARN_OBJC_ROOT_CLASS = YES_ERROR;
				CLANG_WARN_UNREACHABLE_CODE = YES;
				CLANG_WARN__DUPLICATE_METHOD_MATCH = YES;
				"CODE_SIGN_IDENTITY[sdk=iphoneos*]" = "iPhone Developer";
				COPY_PHASE_STRIP = NO;
				DEBUG_INFORMATION_FORMAT = dwarf;
				ENABLE_STRICT_OBJC_MSGSEND = YES;
				ENABLE_TESTABILITY = YES;
				GCC_C_LANGUAGE_STANDARD = gnu99;
				GCC_DYNAMIC_NO_PIC = NO;
				GCC_NO_COMMON_BLOCKS = YES;
				GCC_OPTIMIZATION_LEVEL = 0;
				GCC_PREPROCESSOR_DEFINITIONS = (
					"DEBUG=1",
					"$(inherited)",
				);
				GCC_WARN_64_TO_32_BIT_CONVERSION = YES;
				GCC_WARN_ABOUT_RETURN_TYPE = YES_ERROR;
				GCC_WARN_UNDECLARED_SELECTOR = YES;
				GCC_WARN_UNINITIALIZED_AUTOS = YES_AGGRESSIVE;
				GCC_WARN_UNUSED_FUNCTION = YES;
				GCC_WARN_UNUSED_VARIABLE = YES;
				IPHONEOS_DEPLOYMENT_TARGET = 9.1;
				MTL_ENABLE_DEBUG_INFO = YES;
				ONLY_ACTIVE_ARCH = YES;
				SDKROOT = iphoneos;
			};
			name = Debug;
		};
		CFF532531C7B398B005FA36A /* Release */ = {
			isa = XCBuildConfiguration;
			buildSettings = {
				ALWAYS_SEARCH_USER_PATHS = NO;
				CLANG_CXX_LANGUAGE_STANDARD = "gnu++0x";
				CLANG_CXX_LIBRARY = "libc++";
				CLANG_ENABLE_MODULES = YES;
				CLANG_ENABLE_OBJC_ARC = YES;
				CLANG_WARN_BOOL_CONVERSION = YES;
				CLANG_WARN_CONSTANT_CONVERSION = YES;
				CLANG_WARN_DIRECT_OBJC_ISA_USAGE = YES_ERROR;
				CLANG_WARN_EMPTY_BODY = YES;
				CLANG_WARN_ENUM_CONVERSION = YES;
				CLANG_WARN_INT_CONVERSION = YES;
				CLANG_WARN_OBJC_ROOT_CLASS = YES_ERROR;
				CLANG_WARN_UNREACHABLE_CODE = YES;
				CLANG_WARN__DUPLICATE_METHOD_MATCH = YES;
				"CODE_SIGN_IDENTITY[sdk=iphoneos*]" = "iPhone Developer";
				COPY_PHASE_STRIP = NO;
				DEBUG_INFORMATION_FORMAT = "dwarf-with-dsym";
				ENABLE_NS_ASSERTIONS = NO;
				ENABLE_STRICT_OBJC_MSGSEND = YES;
				GCC_C_LANGUAGE_STANDARD = gnu99;
				GCC_NO_COMMON_BLOCKS = YES;
				GCC_WARN_64_TO_32_BIT_CONVERSION = YES;
				GCC_WARN_ABOUT_RETURN_TYPE = YES_ERROR;
				GCC_WARN_UNDECLARED_SELECTOR = YES;
				GCC_WARN_UNINITIALIZED_AUTOS = YES_AGGRESSIVE;
				GCC_WARN_UNUSED_FUNCTION = YES;
				GCC_WARN_UNUSED_VARIABLE = YES;
				IPHONEOS_DEPLOYMENT_TARGET = 9.1;
				MTL_ENABLE_DEBUG_INFO = NO;
				SDKROOT = iphoneos;
				VALIDATE_PRODUCT = YES;
			};
			name = Release;
		};
		CFF532551C7B398B005FA36A /* Debug */ = {
			isa = XCBuildConfiguration;
			buildSettings = {
				ASSETCATALOG_COMPILER_APPICON_NAME = AppIcon;
				INFOPLIST_FILE = iOSWeb/Info.plist;
				LD_RUNPATH_SEARCH_PATHS = "$(inherited) @executable_path/Frameworks";
				PRODUCT_BUNDLE_IDENTIFIER = fish.iOSWeb;
				PRODUCT_NAME = "$(TARGET_NAME)";
			};
			name = Debug;
		};
		CFF532561C7B398B005FA36A /* Release */ = {
			isa = XCBuildConfiguration;
			buildSettings = {
				ASSETCATALOG_COMPILER_APPICON_NAME = AppIcon;
				INFOPLIST_FILE = iOSWeb/Info.plist;
				LD_RUNPATH_SEARCH_PATHS = "$(inherited) @executable_path/Frameworks";
				PRODUCT_BUNDLE_IDENTIFIER = fish.iOSWeb;
				PRODUCT_NAME = "$(TARGET_NAME)";
			};
			name = Release;
		};
		CFF532581C7B398B005FA36A /* Debug */ = {
			isa = XCBuildConfiguration;
			buildSettings = {
				INFOPLIST_FILE = iOSWebUITests/Info.plist;
				LD_RUNPATH_SEARCH_PATHS = "$(inherited) @executable_path/Frameworks @loader_path/Frameworks";
				PRODUCT_BUNDLE_IDENTIFIER = fish.iOSWebUITests;
				PRODUCT_NAME = "$(TARGET_NAME)";
				TEST_TARGET_NAME = iOSWeb;
				USES_XCTRUNNER = YES;
			};
			name = Debug;
		};
		CFF532591C7B398B005FA36A /* Release */ = {
			isa = XCBuildConfiguration;
			buildSettings = {
				INFOPLIST_FILE = iOSWebUITests/Info.plist;
				LD_RUNPATH_SEARCH_PATHS = "$(inherited) @executable_path/Frameworks @loader_path/Frameworks";
				PRODUCT_BUNDLE_IDENTIFIER = fish.iOSWebUITests;
				PRODUCT_NAME = "$(TARGET_NAME)";
				TEST_TARGET_NAME = iOSWeb;
				USES_XCTRUNNER = YES;
			};
			name = Release;
		};
/* End XCBuildConfiguration section */

/* Begin XCConfigurationList section */
		CFF5322D1C7B398B005FA36A /* Build configuration list for PBXProject "iOSWeb" */ = {
			isa = XCConfigurationList;
			buildConfigurations = (
				CFF532521C7B398B005FA36A /* Debug */,
				CFF532531C7B398B005FA36A /* Release */,
			);
			defaultConfigurationIsVisible = 0;
			defaultConfigurationName = Release;
		};
		CFF532541C7B398B005FA36A /* Build configuration list for PBXNativeTarget "iOSWeb" */ = {
			isa = XCConfigurationList;
			buildConfigurations = (
				CFF532551C7B398B005FA36A /* Debug */,
				CFF532561C7B398B005FA36A /* Release */,
			);
			defaultConfigurationIsVisible = 0;
		};
		CFF532571C7B398B005FA36A /* Build configuration list for PBXNativeTarget "iOSWebUITests" */ = {
			isa = XCConfigurationList;
			buildConfigurations = (
				CFF532581C7B398B005FA36A /* Debug */,
				CFF532591C7B398B005FA36A /* Release */,
			);
			defaultConfigurationIsVisible = 0;
		};
/* End XCConfigurationList section */
	};
	rootObject = CFF5322A1C7B398B005FA36A /* Project object */;
}
